// !$*UTF8*$!
{
	archiveVersion = 1;
	classes = {
	};
	objectVersion = 56;
	objects = {

/* Begin PBXBuildFile section */
		531B07A92A13FD7A001246B2 /* ImageFetchApp.swift in Sources */ = {isa = PBXBuildFile; fileRef = 531B07A82A13FD7A001246B2 /* ImageFetchApp.swift */; };
		531B07AB2A13FD7A001246B2 /* RootView.swift in Sources */ = {isa = PBXBuildFile; fileRef = 531B07AA2A13FD7A001246B2 /* RootView.swift */; };
		531B07AD2A13FD7C001246B2 /* Assets.xcassets in Resources */ = {isa = PBXBuildFile; fileRef = 531B07AC2A13FD7C001246B2 /* Assets.xcassets */; };
		531B07B12A13FD7C001246B2 /* Preview Assets.xcassets in Resources */ = {isa = PBXBuildFile; fileRef = 531B07B02A13FD7C001246B2 /* Preview Assets.xcassets */; };
		531B07BB2A13FD7C001246B2 /* RandomImageViewModelTests.swift in Sources */ = {isa = PBXBuildFile; fileRef = 531B07BA2A13FD7C001246B2 /* RandomImageViewModelTests.swift */; };
		531B07C52A13FD7C001246B2 /* ImageFetchUITests.swift in Sources */ = {isa = PBXBuildFile; fileRef = 531B07C42A13FD7C001246B2 /* ImageFetchUITests.swift */; };
		531B07C72A13FD7C001246B2 /* ImageFetchUITestsLaunchTests.swift in Sources */ = {isa = PBXBuildFile; fileRef = 531B07C62A13FD7C001246B2 /* ImageFetchUITestsLaunchTests.swift */; };
		531B07D52A13FDD1001246B2 /* ImageProvider.swift in Sources */ = {isa = PBXBuildFile; fileRef = 531B07D42A13FDD1001246B2 /* ImageProvider.swift */; };
		531B07D72A1403A5001246B2 /* RandomImageViewModel.swift in Sources */ = {isa = PBXBuildFile; fileRef = 531B07D62A1403A5001246B2 /* RandomImageViewModel.swift */; };
		531B07DA2A1403CD001246B2 /* RandomImage.swift in Sources */ = {isa = PBXBuildFile; fileRef = 531B07D92A1403CD001246B2 /* RandomImage.swift */; };
		532D83B12A1832AB009778BD /* ImageModel.swift in Sources */ = {isa = PBXBuildFile; fileRef = 532D83B02A1832AB009778BD /* ImageModel.swift */; };
		532D83B22A1832AF009778BD /* ImageModel.swift in Sources */ = {isa = PBXBuildFile; fileRef = 532D83B02A1832AB009778BD /* ImageModel.swift */; };
		532D83B52A184C37009778BD /* MockImageProvider.swift in Sources */ = {isa = PBXBuildFile; fileRef = 532D83B42A184C37009778BD /* MockImageProvider.swift */; };
		532D83B62A184C55009778BD /* MockImageProvider.swift in Sources */ = {isa = PBXBuildFile; fileRef = 532D83B42A184C37009778BD /* MockImageProvider.swift */; };
		536C6EE42A1724B4005006F2 /* RandomImageViewModel.swift in Sources */ = {isa = PBXBuildFile; fileRef = 531B07D62A1403A5001246B2 /* RandomImageViewModel.swift */; };
		536C6EE52A1724B8005006F2 /* ImageProvider.swift in Sources */ = {isa = PBXBuildFile; fileRef = 531B07D42A13FDD1001246B2 /* ImageProvider.swift */; };
/* End PBXBuildFile section */

/* Begin PBXContainerItemProxy section */
		531B07B72A13FD7C001246B2 /* PBXContainerItemProxy */ = {
			isa = PBXContainerItemProxy;
			containerPortal = 531B079D2A13FD7A001246B2 /* Project object */;
			proxyType = 1;
			remoteGlobalIDString = 531B07A42A13FD7A001246B2;
			remoteInfo = ImageFetch;
		};
		531B07C12A13FD7C001246B2 /* PBXContainerItemProxy */ = {
			isa = PBXContainerItemProxy;
			containerPortal = 531B079D2A13FD7A001246B2 /* Project object */;
			proxyType = 1;
			remoteGlobalIDString = 531B07A42A13FD7A001246B2;
			remoteInfo = ImageFetch;
		};
/* End PBXContainerItemProxy section */

/* Begin PBXFileReference section */
		531B07A52A13FD7A001246B2 /* ImageFetch.app */ = {isa = PBXFileReference; explicitFileType = wrapper.application; includeInIndex = 0; path = ImageFetch.app; sourceTree = BUILT_PRODUCTS_DIR; };
		531B07A82A13FD7A001246B2 /* ImageFetchApp.swift */ = {isa = PBXFileReference; lastKnownFileType = sourcecode.swift; path = ImageFetchApp.swift; sourceTree = "<group>"; };
		531B07AA2A13FD7A001246B2 /* RootView.swift */ = {isa = PBXFileReference; lastKnownFileType = sourcecode.swift; path = RootView.swift; sourceTree = "<group>"; };
		531B07AC2A13FD7C001246B2 /* Assets.xcassets */ = {isa = PBXFileReference; lastKnownFileType = folder.assetcatalog; path = Assets.xcassets; sourceTree = "<group>"; };
		531B07AE2A13FD7C001246B2 /* ImageFetch.entitlements */ = {isa = PBXFileReference; lastKnownFileType = text.plist.entitlements; path = ImageFetch.entitlements; sourceTree = "<group>"; };
		531B07B02A13FD7C001246B2 /* Preview Assets.xcassets */ = {isa = PBXFileReference; lastKnownFileType = folder.assetcatalog; path = "Preview Assets.xcassets"; sourceTree = "<group>"; };
		531B07B62A13FD7C001246B2 /* ImageFetchTests.xctest */ = {isa = PBXFileReference; explicitFileType = wrapper.cfbundle; includeInIndex = 0; path = ImageFetchTests.xctest; sourceTree = BUILT_PRODUCTS_DIR; };
		531B07BA2A13FD7C001246B2 /* RandomImageViewModelTests.swift */ = {isa = PBXFileReference; lastKnownFileType = sourcecode.swift; path = RandomImageViewModelTests.swift; sourceTree = "<group>"; };
		531B07C02A13FD7C001246B2 /* ImageFetchUITests.xctest */ = {isa = PBXFileReference; explicitFileType = wrapper.cfbundle; includeInIndex = 0; path = ImageFetchUITests.xctest; sourceTree = BUILT_PRODUCTS_DIR; };
		531B07C42A13FD7C001246B2 /* ImageFetchUITests.swift */ = {isa = PBXFileReference; lastKnownFileType = sourcecode.swift; path = ImageFetchUITests.swift; sourceTree = "<group>"; };
		531B07C62A13FD7C001246B2 /* ImageFetchUITestsLaunchTests.swift */ = {isa = PBXFileReference; lastKnownFileType = sourcecode.swift; path = ImageFetchUITestsLaunchTests.swift; sourceTree = "<group>"; };
		531B07D42A13FDD1001246B2 /* ImageProvider.swift */ = {isa = PBXFileReference; lastKnownFileType = sourcecode.swift; path = ImageProvider.swift; sourceTree = "<group>"; };
		531B07D62A1403A5001246B2 /* RandomImageViewModel.swift */ = {isa = PBXFileReference; lastKnownFileType = sourcecode.swift; path = RandomImageViewModel.swift; sourceTree = "<group>"; };
		531B07D92A1403CD001246B2 /* RandomImage.swift */ = {isa = PBXFileReference; lastKnownFileType = sourcecode.swift; path = RandomImage.swift; sourceTree = "<group>"; };
		532D83AE2A172995009778BD /* ImageFetch.xctestplan */ = {isa = PBXFileReference; lastKnownFileType = text; path = ImageFetch.xctestplan; sourceTree = "<group>"; };
		532D83B02A1832AB009778BD /* ImageModel.swift */ = {isa = PBXFileReference; lastKnownFileType = sourcecode.swift; path = ImageModel.swift; sourceTree = "<group>"; };
		532D83B42A184C37009778BD /* MockImageProvider.swift */ = {isa = PBXFileReference; lastKnownFileType = sourcecode.swift; path = MockImageProvider.swift; sourceTree = "<group>"; };
/* End PBXFileReference section */

/* Begin PBXFrameworksBuildPhase section */
		531B07A22A13FD7A001246B2 /* Frameworks */ = {
			isa = PBXFrameworksBuildPhase;
			buildActionMask = 2147483647;
			files = (
			);
			runOnlyForDeploymentPostprocessing = 0;
		};
		531B07B32A13FD7C001246B2 /* Frameworks */ = {
			isa = PBXFrameworksBuildPhase;
			buildActionMask = 2147483647;
			files = (
			);
			runOnlyForDeploymentPostprocessing = 0;
		};
		531B07BD2A13FD7C001246B2 /* Frameworks */ = {
			isa = PBXFrameworksBuildPhase;
			buildActionMask = 2147483647;
			files = (
			);
			runOnlyForDeploymentPostprocessing = 0;
		};
/* End PBXFrameworksBuildPhase section */

/* Begin PBXGroup section */
		531B079C2A13FD7A001246B2 = {
			isa = PBXGroup;
			children = (
				532D83AE2A172995009778BD /* ImageFetch.xctestplan */,
				531B07A72A13FD7A001246B2 /* ImageFetch */,
				531B07B92A13FD7C001246B2 /* ImageFetchTests */,
				531B07C32A13FD7C001246B2 /* ImageFetchUITests */,
				531B07A62A13FD7A001246B2 /* Products */,
			);
			sourceTree = "<group>";
		};
		531B07A62A13FD7A001246B2 /* Products */ = {
			isa = PBXGroup;
			children = (
				531B07A52A13FD7A001246B2 /* ImageFetch.app */,
				531B07B62A13FD7C001246B2 /* ImageFetchTests.xctest */,
				531B07C02A13FD7C001246B2 /* ImageFetchUITests.xctest */,
			);
			name = Products;
			sourceTree = "<group>";
		};
		531B07A72A13FD7A001246B2 /* ImageFetch */ = {
			isa = PBXGroup;
			children = (
				532D83AF2A18329E009778BD /* Models */,
				531B07D82A1403B2001246B2 /* RandomImages */,
				531B07D32A13FDBB001246B2 /* Networking */,
				531B07A82A13FD7A001246B2 /* ImageFetchApp.swift */,
				531B07AA2A13FD7A001246B2 /* RootView.swift */,
				531B07AC2A13FD7C001246B2 /* Assets.xcassets */,
				531B07AE2A13FD7C001246B2 /* ImageFetch.entitlements */,
				531B07AF2A13FD7C001246B2 /* Preview Content */,
			);
			path = ImageFetch;
			sourceTree = "<group>";
		};
		531B07AF2A13FD7C001246B2 /* Preview Content */ = {
			isa = PBXGroup;
			children = (
				531B07B02A13FD7C001246B2 /* Preview Assets.xcassets */,
			);
			path = "Preview Content";
			sourceTree = "<group>";
		};
		531B07B92A13FD7C001246B2 /* ImageFetchTests */ = {
			isa = PBXGroup;
			children = (
				531B07BA2A13FD7C001246B2 /* RandomImageViewModelTests.swift */,
			);
			path = ImageFetchTests;
			sourceTree = "<group>";
		};
		531B07C32A13FD7C001246B2 /* ImageFetchUITests */ = {
			isa = PBXGroup;
			children = (
				531B07C42A13FD7C001246B2 /* ImageFetchUITests.swift */,
				531B07C62A13FD7C001246B2 /* ImageFetchUITestsLaunchTests.swift */,
			);
			path = ImageFetchUITests;
			sourceTree = "<group>";
		};
		531B07D32A13FDBB001246B2 /* Networking */ = {
			isa = PBXGroup;
			children = (
				531B07D42A13FDD1001246B2 /* ImageProvider.swift */,
				532D83B42A184C37009778BD /* MockImageProvider.swift */,
			);
			path = Networking;
			sourceTree = "<group>";
		};
		531B07D82A1403B2001246B2 /* RandomImages */ = {
			isa = PBXGroup;
			children = (
				531B07D62A1403A5001246B2 /* RandomImageViewModel.swift */,
				531B07D92A1403CD001246B2 /* RandomImage.swift */,
			);
			path = RandomImages;
			sourceTree = "<group>";
		};
		532D83AF2A18329E009778BD /* Models */ = {
			isa = PBXGroup;
			children = (
				532D83B02A1832AB009778BD /* ImageModel.swift */,
			);
			path = Models;
			sourceTree = "<group>";
		};
/* End PBXGroup section */

/* Begin PBXNativeTarget section */
		531B07A42A13FD7A001246B2 /* ImageFetch */ = {
			isa = PBXNativeTarget;
			buildConfigurationList = 531B07CA2A13FD7C001246B2 /* Build configuration list for PBXNativeTarget "ImageFetch" */;
			buildPhases = (
				531B07A12A13FD7A001246B2 /* Sources */,
				531B07A22A13FD7A001246B2 /* Frameworks */,
				531B07A32A13FD7A001246B2 /* Resources */,
			);
			buildRules = (
			);
			dependencies = (
			);
			name = ImageFetch;
			productName = ImageFetch;
			productReference = 531B07A52A13FD7A001246B2 /* ImageFetch.app */;
			productType = "com.apple.product-type.application";
		};
		531B07B52A13FD7C001246B2 /* ImageFetchTests */ = {
			isa = PBXNativeTarget;
			buildConfigurationList = 531B07CD2A13FD7C001246B2 /* Build configuration list for PBXNativeTarget "ImageFetchTests" */;
			buildPhases = (
				531B07B22A13FD7C001246B2 /* Sources */,
				531B07B32A13FD7C001246B2 /* Frameworks */,
				531B07B42A13FD7C001246B2 /* Resources */,
			);
			buildRules = (
			);
			dependencies = (
				531B07B82A13FD7C001246B2 /* PBXTargetDependency */,
			);
			name = ImageFetchTests;
			productName = ImageFetchTests;
			productReference = 531B07B62A13FD7C001246B2 /* ImageFetchTests.xctest */;
			productType = "com.apple.product-type.bundle.unit-test";
		};
		531B07BF2A13FD7C001246B2 /* ImageFetchUITests */ = {
			isa = PBXNativeTarget;
			buildConfigurationList = 531B07D02A13FD7C001246B2 /* Build configuration list for PBXNativeTarget "ImageFetchUITests" */;
			buildPhases = (
				531B07BC2A13FD7C001246B2 /* Sources */,
				531B07BD2A13FD7C001246B2 /* Frameworks */,
				531B07BE2A13FD7C001246B2 /* Resources */,
			);
			buildRules = (
			);
			dependencies = (
				531B07C22A13FD7C001246B2 /* PBXTargetDependency */,
			);
			name = ImageFetchUITests;
			productName = ImageFetchUITests;
			productReference = 531B07C02A13FD7C001246B2 /* ImageFetchUITests.xctest */;
			productType = "com.apple.product-type.bundle.ui-testing";
		};
/* End PBXNativeTarget section */

/* Begin PBXProject section */
		531B079D2A13FD7A001246B2 /* Project object */ = {
			isa = PBXProject;
			attributes = {
				BuildIndependentTargetsInParallel = 1;
				LastSwiftUpdateCheck = 1430;
				LastUpgradeCheck = 1430;
				TargetAttributes = {
					531B07A42A13FD7A001246B2 = {
						CreatedOnToolsVersion = 14.3;
					};
					531B07B52A13FD7C001246B2 = {
						CreatedOnToolsVersion = 14.3;
						TestTargetID = 531B07A42A13FD7A001246B2;
					};
					531B07BF2A13FD7C001246B2 = {
						CreatedOnToolsVersion = 14.3;
						TestTargetID = 531B07A42A13FD7A001246B2;
					};
				};
			};
			buildConfigurationList = 531B07A02A13FD7A001246B2 /* Build configuration list for PBXProject "ImageFetch" */;
			compatibilityVersion = "Xcode 14.0";
			developmentRegion = en;
			hasScannedForEncodings = 0;
			knownRegions = (
				en,
				Base,
			);
			mainGroup = 531B079C2A13FD7A001246B2;
			productRefGroup = 531B07A62A13FD7A001246B2 /* Products */;
			projectDirPath = "";
			projectRoot = "";
			targets = (
				531B07A42A13FD7A001246B2 /* ImageFetch */,
				531B07B52A13FD7C001246B2 /* ImageFetchTests */,
				531B07BF2A13FD7C001246B2 /* ImageFetchUITests */,
			);
		};
/* End PBXProject section */

/* Begin PBXResourcesBuildPhase section */
		531B07A32A13FD7A001246B2 /* Resources */ = {
			isa = PBXResourcesBuildPhase;
			buildActionMask = 2147483647;
			files = (
				531B07B12A13FD7C001246B2 /* Preview Assets.xcassets in Resources */,
				531B07AD2A13FD7C001246B2 /* Assets.xcassets in Resources */,
			);
			runOnlyForDeploymentPostprocessing = 0;
		};
		531B07B42A13FD7C001246B2 /* Resources */ = {
			isa = PBXResourcesBuildPhase;
			buildActionMask = 2147483647;
			files = (
			);
			runOnlyForDeploymentPostprocessing = 0;
		};
		531B07BE2A13FD7C001246B2 /* Resources */ = {
			isa = PBXResourcesBuildPhase;
			buildActionMask = 2147483647;
			files = (
			);
			runOnlyForDeploymentPostprocessing = 0;
		};
/* End PBXResourcesBuildPhase section */

/* Begin PBXSourcesBuildPhase section */
		531B07A12A13FD7A001246B2 /* Sources */ = {
			isa = PBXSourcesBuildPhase;
			buildActionMask = 2147483647;
			files = (
				532D83B52A184C37009778BD /* MockImageProvider.swift in Sources */,
				531B07AB2A13FD7A001246B2 /* RootView.swift in Sources */,
				532D83B12A1832AB009778BD /* ImageModel.swift in Sources */,
				531B07D72A1403A5001246B2 /* RandomImageViewModel.swift in Sources */,
				531B07A92A13FD7A001246B2 /* ImageFetchApp.swift in Sources */,
				531B07DA2A1403CD001246B2 /* RandomImage.swift in Sources */,
				531B07D52A13FDD1001246B2 /* ImageProvider.swift in Sources */,
			);
			runOnlyForDeploymentPostprocessing = 0;
		};
		531B07B22A13FD7C001246B2 /* Sources */ = {
			isa = PBXSourcesBuildPhase;
			buildActionMask = 2147483647;
			files = (
				532D83B62A184C55009778BD /* MockImageProvider.swift in Sources */,
				531B07BB2A13FD7C001246B2 /* RandomImageViewModelTests.swift in Sources */,
				536C6EE42A1724B4005006F2 /* RandomImageViewModel.swift in Sources */,
				536C6EE52A1724B8005006F2 /* ImageProvider.swift in Sources */,
				532D83B22A1832AF009778BD /* ImageModel.swift in Sources */,
			);
			runOnlyForDeploymentPostprocessing = 0;
		};
		531B07BC2A13FD7C001246B2 /* Sources */ = {
			isa = PBXSourcesBuildPhase;
			buildActionMask = 2147483647;
			files = (
				531B07C52A13FD7C001246B2 /* ImageFetchUITests.swift in Sources */,
				531B07C72A13FD7C001246B2 /* ImageFetchUITestsLaunchTests.swift in Sources */,
			);
			runOnlyForDeploymentPostprocessing = 0;
		};
/* End PBXSourcesBuildPhase section */

/* Begin PBXTargetDependency section */
		531B07B82A13FD7C001246B2 /* PBXTargetDependency */ = {
			isa = PBXTargetDependency;
			target = 531B07A42A13FD7A001246B2 /* ImageFetch */;
			targetProxy = 531B07B72A13FD7C001246B2 /* PBXContainerItemProxy */;
		};
		531B07C22A13FD7C001246B2 /* PBXTargetDependency */ = {
			isa = PBXTargetDependency;
			target = 531B07A42A13FD7A001246B2 /* ImageFetch */;
			targetProxy = 531B07C12A13FD7C001246B2 /* PBXContainerItemProxy */;
		};
/* End PBXTargetDependency section */

/* Begin XCBuildConfiguration section */
		531B07C82A13FD7C001246B2 /* Debug */ = {
			isa = XCBuildConfiguration;
			buildSettings = {
				ALWAYS_SEARCH_USER_PATHS = NO;
				CLANG_ANALYZER_NONNULL = YES;
				CLANG_ANALYZER_NUMBER_OBJECT_CONVERSION = YES_AGGRESSIVE;
				CLANG_CXX_LANGUAGE_STANDARD = "gnu++20";
				CLANG_ENABLE_MODULES = YES;
				CLANG_ENABLE_OBJC_ARC = YES;
				CLANG_ENABLE_OBJC_WEAK = YES;
				CLANG_WARN_BLOCK_CAPTURE_AUTORELEASING = YES;
				CLANG_WARN_BOOL_CONVERSION = YES;
				CLANG_WARN_COMMA = YES;
				CLANG_WARN_CONSTANT_CONVERSION = YES;
				CLANG_WARN_DEPRECATED_OBJC_IMPLEMENTATIONS = YES;
				CLANG_WARN_DIRECT_OBJC_ISA_USAGE = YES_ERROR;
				CLANG_WARN_DOCUMENTATION_COMMENTS = YES;
				CLANG_WARN_EMPTY_BODY = YES;
				CLANG_WARN_ENUM_CONVERSION = YES;
				CLANG_WARN_INFINITE_RECURSION = YES;
				CLANG_WARN_INT_CONVERSION = YES;
				CLANG_WARN_NON_LITERAL_NULL_CONVERSION = YES;
				CLANG_WARN_OBJC_IMPLICIT_RETAIN_SELF = YES;
				CLANG_WARN_OBJC_LITERAL_CONVERSION = YES;
				CLANG_WARN_OBJC_ROOT_CLASS = YES_ERROR;
				CLANG_WARN_QUOTED_INCLUDE_IN_FRAMEWORK_HEADER = YES;
				CLANG_WARN_RANGE_LOOP_ANALYSIS = YES;
				CLANG_WARN_STRICT_PROTOTYPES = YES;
				CLANG_WARN_SUSPICIOUS_MOVE = YES;
				CLANG_WARN_UNGUARDED_AVAILABILITY = YES_AGGRESSIVE;
				CLANG_WARN_UNREACHABLE_CODE = YES;
				CLANG_WARN__DUPLICATE_METHOD_MATCH = YES;
				COPY_PHASE_STRIP = NO;
				DEBUG_INFORMATION_FORMAT = dwarf;
				ENABLE_STRICT_OBJC_MSGSEND = YES;
				ENABLE_TESTABILITY = YES;
				GCC_C_LANGUAGE_STANDARD = gnu11;
				GCC_DYNAMIC_NO_PIC = NO;
				GCC_NO_COMMON_BLOCKS = YES;
				GCC_OPTIMIZATION_LEVEL = 0;
				GCC_PREPROCESSOR_DEFINITIONS = (
					"DEBUG=1",
					"$(inherited)",
				);
				GCC_WARN_64_TO_32_BIT_CONVERSION = YES;
				GCC_WARN_ABOUT_RETURN_TYPE = YES_ERROR;
				GCC_WARN_UNDECLARED_SELECTOR = YES;
				GCC_WARN_UNINITIALIZED_AUTOS = YES_AGGRESSIVE;
				GCC_WARN_UNUSED_FUNCTION = YES;
				GCC_WARN_UNUSED_VARIABLE = YES;
				MTL_ENABLE_DEBUG_INFO = INCLUDE_SOURCE;
				MTL_FAST_MATH = YES;
				ONLY_ACTIVE_ARCH = YES;
				SWIFT_ACTIVE_COMPILATION_CONDITIONS = DEBUG;
				SWIFT_OPTIMIZATION_LEVEL = "-Onone";
			};
			name = Debug;
		};
		531B07C92A13FD7C001246B2 /* Release */ = {
			isa = XCBuildConfiguration;
			buildSettings = {
				ALWAYS_SEARCH_USER_PATHS = NO;
				CLANG_ANALYZER_NONNULL = YES;
				CLANG_ANALYZER_NUMBER_OBJECT_CONVERSION = YES_AGGRESSIVE;
				CLANG_CXX_LANGUAGE_STANDARD = "gnu++20";
				CLANG_ENABLE_MODULES = YES;
				CLANG_ENABLE_OBJC_ARC = YES;
				CLANG_ENABLE_OBJC_WEAK = YES;
				CLANG_WARN_BLOCK_CAPTURE_AUTORELEASING = YES;
				CLANG_WARN_BOOL_CONVERSION = YES;
				CLANG_WARN_COMMA = YES;
				CLANG_WARN_CONSTANT_CONVERSION = YES;
				CLANG_WARN_DEPRECATED_OBJC_IMPLEMENTATIONS = YES;
				CLANG_WARN_DIRECT_OBJC_ISA_USAGE = YES_ERROR;
				CLANG_WARN_DOCUMENTATION_COMMENTS = YES;
				CLANG_WARN_EMPTY_BODY = YES;
				CLANG_WARN_ENUM_CONVERSION = YES;
				CLANG_WARN_INFINITE_RECURSION = YES;
				CLANG_WARN_INT_CONVERSION = YES;
				CLANG_WARN_NON_LITERAL_NULL_CONVERSION = YES;
				CLANG_WARN_OBJC_IMPLICIT_RETAIN_SELF = YES;
				CLANG_WARN_OBJC_LITERAL_CONVERSION = YES;
				CLANG_WARN_OBJC_ROOT_CLASS = YES_ERROR;
				CLANG_WARN_QUOTED_INCLUDE_IN_FRAMEWORK_HEADER = YES;
				CLANG_WARN_RANGE_LOOP_ANALYSIS = YES;
				CLANG_WARN_STRICT_PROTOTYPES = YES;
				CLANG_WARN_SUSPICIOUS_MOVE = YES;
				CLANG_WARN_UNGUARDED_AVAILABILITY = YES_AGGRESSIVE;
				CLANG_WARN_UNREACHABLE_CODE = YES;
				CLANG_WARN__DUPLICATE_METHOD_MATCH = YES;
				COPY_PHASE_STRIP = NO;
				DEBUG_INFORMATION_FORMAT = "dwarf-with-dsym";
				ENABLE_NS_ASSERTIONS = NO;
				ENABLE_STRICT_OBJC_MSGSEND = YES;
				GCC_C_LANGUAGE_STANDARD = gnu11;
				GCC_NO_COMMON_BLOCKS = YES;
				GCC_WARN_64_TO_32_BIT_CONVERSION = YES;
				GCC_WARN_ABOUT_RETURN_TYPE = YES_ERROR;
				GCC_WARN_UNDECLARED_SELECTOR = YES;
				GCC_WARN_UNINITIALIZED_AUTOS = YES_AGGRESSIVE;
				GCC_WARN_UNUSED_FUNCTION = YES;
				GCC_WARN_UNUSED_VARIABLE = YES;
				MTL_ENABLE_DEBUG_INFO = NO;
				MTL_FAST_MATH = YES;
				SWIFT_COMPILATION_MODE = wholemodule;
				SWIFT_OPTIMIZATION_LEVEL = "-O";
			};
			name = Release;
		};
		531B07CB2A13FD7C001246B2 /* Debug */ = {
			isa = XCBuildConfiguration;
			buildSettings = {
				ASSETCATALOG_COMPILER_APPICON_NAME = AppIcon;
				ASSETCATALOG_COMPILER_GLOBAL_ACCENT_COLOR_NAME = AccentColor;
				CODE_SIGN_ENTITLEMENTS = ImageFetch/ImageFetch.entitlements;
				CODE_SIGN_STYLE = Automatic;
				CURRENT_PROJECT_VERSION = 1;
				DEVELOPMENT_ASSET_PATHS = "\"ImageFetch/Preview Content\"";
				DEVELOPMENT_TEAM = W7VQ2PD274;
				ENABLE_HARDENED_RUNTIME = YES;
				ENABLE_PREVIEWS = YES;
				GENERATE_INFOPLIST_FILE = YES;
				"INFOPLIST_KEY_UIApplicationSceneManifest_Generation[sdk=iphoneos*]" = YES;
				"INFOPLIST_KEY_UIApplicationSceneManifest_Generation[sdk=iphonesimulator*]" = YES;
				"INFOPLIST_KEY_UIApplicationSupportsIndirectInputEvents[sdk=iphoneos*]" = YES;
				"INFOPLIST_KEY_UIApplicationSupportsIndirectInputEvents[sdk=iphonesimulator*]" = YES;
				"INFOPLIST_KEY_UILaunchScreen_Generation[sdk=iphoneos*]" = YES;
				"INFOPLIST_KEY_UILaunchScreen_Generation[sdk=iphonesimulator*]" = YES;
				"INFOPLIST_KEY_UIStatusBarStyle[sdk=iphoneos*]" = UIStatusBarStyleDefault;
				"INFOPLIST_KEY_UIStatusBarStyle[sdk=iphonesimulator*]" = UIStatusBarStyleDefault;
				INFOPLIST_KEY_UISupportedInterfaceOrientations_iPad = "UIInterfaceOrientationPortrait UIInterfaceOrientationPortraitUpsideDown UIInterfaceOrientationLandscapeLeft UIInterfaceOrientationLandscapeRight";
				INFOPLIST_KEY_UISupportedInterfaceOrientations_iPhone = "UIInterfaceOrientationPortrait UIInterfaceOrientationLandscapeLeft UIInterfaceOrientationLandscapeRight";
				IPHONEOS_DEPLOYMENT_TARGET = 16.4;
				LD_RUNPATH_SEARCH_PATHS = "@executable_path/Frameworks";
				"LD_RUNPATH_SEARCH_PATHS[sdk=macosx*]" = "@executable_path/../Frameworks";
				MACOSX_DEPLOYMENT_TARGET = 13.3;
				MARKETING_VERSION = 1.0;
				PRODUCT_BUNDLE_IDENTIFIER = Lopez.ImageFetch;
				PRODUCT_NAME = "$(TARGET_NAME)";
				SDKROOT = auto;
				SUPPORTED_PLATFORMS = "iphoneos iphonesimulator macosx";
				SWIFT_EMIT_LOC_STRINGS = YES;
				SWIFT_VERSION = 5.0;
				TARGETED_DEVICE_FAMILY = "1,2";
			};
			name = Debug;
		};
		531B07CC2A13FD7C001246B2 /* Release */ = {
			isa = XCBuildConfiguration;
			buildSettings = {
				ASSETCATALOG_COMPILER_APPICON_NAME = AppIcon;
				ASSETCATALOG_COMPILER_GLOBAL_ACCENT_COLOR_NAME = AccentColor;
				CODE_SIGN_ENTITLEMENTS = ImageFetch/ImageFetch.entitlements;
				CODE_SIGN_STYLE = Automatic;
				CURRENT_PROJECT_VERSION = 1;
				DEVELOPMENT_ASSET_PATHS = "\"ImageFetch/Preview Content\"";
				DEVELOPMENT_TEAM = W7VQ2PD274;
				ENABLE_HARDENED_RUNTIME = YES;
				ENABLE_PREVIEWS = YES;
				GENERATE_INFOPLIST_FILE = YES;
				"INFOPLIST_KEY_UIApplicationSceneManifest_Generation[sdk=iphoneos*]" = YES;
				"INFOPLIST_KEY_UIApplicationSceneManifest_Generation[sdk=iphonesimulator*]" = YES;
				"INFOPLIST_KEY_UIApplicationSupportsIndirectInputEvents[sdk=iphoneos*]" = YES;
				"INFOPLIST_KEY_UIApplicationSupportsIndirectInputEvents[sdk=iphonesimulator*]" = YES;
				"INFOPLIST_KEY_UILaunchScreen_Generation[sdk=iphoneos*]" = YES;
				"INFOPLIST_KEY_UILaunchScreen_Generation[sdk=iphonesimulator*]" = YES;
				"INFOPLIST_KEY_UIStatusBarStyle[sdk=iphoneos*]" = UIStatusBarStyleDefault;
				"INFOPLIST_KEY_UIStatusBarStyle[sdk=iphonesimulator*]" = UIStatusBarStyleDefault;
				INFOPLIST_KEY_UISupportedInterfaceOrientations_iPad = "UIInterfaceOrientationPortrait UIInterfaceOrientationPortraitUpsideDown UIInterfaceOrientationLandscapeLeft UIInterfaceOrientationLandscapeRight";
				INFOPLIST_KEY_UISupportedInterfaceOrientations_iPhone = "UIInterfaceOrientationPortrait UIInterfaceOrientationLandscapeLeft UIInterfaceOrientationLandscapeRight";
				IPHONEOS_DEPLOYMENT_TARGET = 16.4;
				LD_RUNPATH_SEARCH_PATHS = "@executable_path/Frameworks";
				"LD_RUNPATH_SEARCH_PATHS[sdk=macosx*]" = "@executable_path/../Frameworks";
				MACOSX_DEPLOYMENT_TARGET = 13.3;
				MARKETING_VERSION = 1.0;
				PRODUCT_BUNDLE_IDENTIFIER = Lopez.ImageFetch;
				PRODUCT_NAME = "$(TARGET_NAME)";
				SDKROOT = auto;
				SUPPORTED_PLATFORMS = "iphoneos iphonesimulator macosx";
				SWIFT_EMIT_LOC_STRINGS = YES;
				SWIFT_VERSION = 5.0;
				TARGETED_DEVICE_FAMILY = "1,2";
			};
			name = Release;
		};
		531B07CE2A13FD7C001246B2 /* Debug */ = {
			isa = XCBuildConfiguration;
			buildSettings = {
				ALWAYS_EMBED_SWIFT_STANDARD_LIBRARIES = YES;
				BUNDLE_LOADER = "$(TEST_HOST)";
				CODE_SIGN_STYLE = Automatic;
				CURRENT_PROJECT_VERSION = 1;
				DEVELOPMENT_TEAM = W7VQ2PD274;
				GENERATE_INFOPLIST_FILE = YES;
				IPHONEOS_DEPLOYMENT_TARGET = 16.4;
				MACOSX_DEPLOYMENT_TARGET = 13.3;
				MARKETING_VERSION = 1.0;
				PRODUCT_BUNDLE_IDENTIFIER = Lopez.ImageFetchTests;
				PRODUCT_NAME = "$(TARGET_NAME)";
				SDKROOT = auto;
				SUPPORTED_PLATFORMS = "iphoneos iphonesimulator macosx";
				SWIFT_EMIT_LOC_STRINGS = NO;
				SWIFT_VERSION = 5.0;
				TARGETED_DEVICE_FAMILY = "1,2";
				TEST_HOST = "$(BUILT_PRODUCTS_DIR)/ImageFetch.app/$(BUNDLE_EXECUTABLE_FOLDER_PATH)/ImageFetch";
			};
			name = Debug;
		};
		531B07CF2A13FD7C001246B2 /* Release */ = {
			isa = XCBuildConfiguration;
			buildSettings = {
				ALWAYS_EMBED_SWIFT_STANDARD_LIBRARIES = YES;
				BUNDLE_LOADER = "$(TEST_HOST)";
				CODE_SIGN_STYLE = Automatic;
				CURRENT_PROJECT_VERSION = 1;
				DEVELOPMENT_TEAM = W7VQ2PD274;
				GENERATE_INFOPLIST_FILE = YES;
				IPHONEOS_DEPLOYMENT_TARGET = 16.4;
				MACOSX_DEPLOYMENT_TARGET = 13.3;
				MARKETING_VERSION = 1.0;
				PRODUCT_BUNDLE_IDENTIFIER = Lopez.ImageFetchTests;
				PRODUCT_NAME = "$(TARGET_NAME)";
				SDKROOT = auto;
				SUPPORTED_PLATFORMS = "iphoneos iphonesimulator macosx";
				SWIFT_EMIT_LOC_STRINGS = NO;
				SWIFT_VERSION = 5.0;
				TARGETED_DEVICE_FAMILY = "1,2";
				TEST_HOST = "$(BUILT_PRODUCTS_DIR)/ImageFetch.app/$(BUNDLE_EXECUTABLE_FOLDER_PATH)/ImageFetch";
			};
			name = Release;
		};
		531B07D12A13FD7C001246B2 /* Debug */ = {
			isa = XCBuildConfiguration;
			buildSettings = {
				ALWAYS_EMBED_SWIFT_STANDARD_LIBRARIES = YES;
				CODE_SIGN_STYLE = Automatic;
				CURRENT_PROJECT_VERSION = 1;
				DEVELOPMENT_TEAM = W7VQ2PD274;
				GENERATE_INFOPLIST_FILE = YES;
				IPHONEOS_DEPLOYMENT_TARGET = 16.4;
				MACOSX_DEPLOYMENT_TARGET = 13.3;
				MARKETING_VERSION = 1.0;
				PRODUCT_BUNDLE_IDENTIFIER = Lopez.ImageFetchUITests;
				PRODUCT_NAME = "$(TARGET_NAME)";
				SDKROOT = auto;
				SUPPORTED_PLATFORMS = "iphoneos iphonesimulator macosx";
				SWIFT_EMIT_LOC_STRINGS = NO;
				SWIFT_VERSION = 5.0;
				TARGETED_DEVICE_FAMILY = "1,2";
				TEST_TARGET_NAME = ImageFetch;
			};
			name = Debug;
		};
		531B07D22A13FD7C001246B2 /* Release */ = {
			isa = XCBuildConfiguration;
			buildSettings = {
				ALWAYS_EMBED_SWIFT_STANDARD_LIBRARIES = YES;
				CODE_SIGN_STYLE = Automatic;
				CURRENT_PROJECT_VERSION = 1;
				DEVELOPMENT_TEAM = W7VQ2PD274;
				GENERATE_INFOPLIST_FILE = YES;
				IPHONEOS_DEPLOYMENT_TARGET = 16.4;
				MACOSX_DEPLOYMENT_TARGET = 13.3;
				MARKETING_VERSION = 1.0;
				PRODUCT_BUNDLE_IDENTIFIER = Lopez.ImageFetchUITests;
				PRODUCT_NAME = "$(TARGET_NAME)";
				SDKROOT = auto;
				SUPPORTED_PLATFORMS = "iphoneos iphonesimulator macosx";
				SWIFT_EMIT_LOC_STRINGS = NO;
				SWIFT_VERSION = 5.0;
				TARGETED_DEVICE_FAMILY = "1,2";
				TEST_TARGET_NAME = ImageFetch;
			};
			name = Release;
		};
/* End XCBuildConfiguration section */

/* Begin XCConfigurationList section */
		531B07A02A13FD7A001246B2 /* Build configuration list for PBXProject "ImageFetch" */ = {
			isa = XCConfigurationList;
			buildConfigurations = (
				531B07C82A13FD7C001246B2 /* Debug */,
				531B07C92A13FD7C001246B2 /* Release */,
			);
			defaultConfigurationIsVisible = 0;
			defaultConfigurationName = Release;
		};
		531B07CA2A13FD7C001246B2 /* Build configuration list for PBXNativeTarget "ImageFetch" */ = {
			isa = XCConfigurationList;
			buildConfigurations = (
				531B07CB2A13FD7C001246B2 /* Debug */,
				531B07CC2A13FD7C001246B2 /* Release */,
			);
			defaultConfigurationIsVisible = 0;
			defaultConfigurationName = Release;
		};
		531B07CD2A13FD7C001246B2 /* Build configuration list for PBXNativeTarget "ImageFetchTests" */ = {
			isa = XCConfigurationList;
			buildConfigurations = (
				531B07CE2A13FD7C001246B2 /* Debug */,
				531B07CF2A13FD7C001246B2 /* Release */,
			);
			defaultConfigurationIsVisible = 0;
			defaultConfigurationName = Release;
		};
		531B07D02A13FD7C001246B2 /* Build configuration list for PBXNativeTarget "ImageFetchUITests" */ = {
			isa = XCConfigurationList;
			buildConfigurations = (
				531B07D12A13FD7C001246B2 /* Debug */,
				531B07D22A13FD7C001246B2 /* Release */,
			);
			defaultConfigurationIsVisible = 0;
			defaultConfigurationName = Release;
		};
/* End XCConfigurationList section */
	};
	rootObject = 531B079D2A13FD7A001246B2 /* Project object */;
}
